
Microsoft Visual Studio Solution File, Format Version 12.00
# Visual Studio Version 16
VisualStudioVersion = 16.0.31624.102
MinimumVisualStudioVersion = 10.0.40219.1
Project("{FAE04EC0-301F-11D3-BF4B-00C04F79EFBC}") = "браузерок", "браузерок\браузерок.csproj", "{905AE17A-8767-49ED-9608-7C22B9913573}"
EndProject
Global
	GlobalSection(SolutionConfigurationPlatforms) = preSolution
		Debug|Any CPU = Debug|Any CPU
		Release|Any CPU = Release|Any CPU
	EndGlobalSection
	GlobalSection(ProjectConfigurationPlatforms) = postSolution
		{905AE17A-8767-49ED-9608-7C22B9913573}.Debug|Any CPU.ActiveCfg = Debug|Any CPU
		{905AE17A-8767-49ED-9608-7C22B9913573}.Debug|Any CPU.Build.0 = Debug|Any CPU
		{905AE17A-8767-49ED-9608-7C22B9913573}.Release|Any CPU.ActiveCfg = Release|Any CPU
		{905AE17A-8767-49ED-9608-7C22B9913573}.Release|Any CPU.Build.0 = Release|Any CPU
	EndGlobalSection
	GlobalSection(SolutionProperties) = preSolution
		HideSolutionNode = FALSE
	EndGlobalSection
	GlobalSection(ExtensibilityGlobals) = postSolution
		SolutionGuid = {4AD12AF0-CF75-4D63-A419-3F2D932D37B9}
	EndGlobalSection
EndGlobal
